
Microsoft Visual Studio Solution File, Format Version 12.00
# Visual Studio Version 16
VisualStudioVersion = 16.0.29613.14
MinimumVisualStudioVersion = 10.0.40219.1
Project("{8BC9CEB8-8B4A-11D0-8D11-00A0C91BC942}") = "ЛабараторнаяСИ3", "ЛабараторнаяСИ3.vcxproj", "{C3CBE03B-7514-4467-A825-3D2F8EF973BD}"
EndProject
Global
	GlobalSection(SolutionConfigurationPlatforms) = preSolution
		Debug|x64 = Debug|x64
		Debug|x86 = Debug|x86
		Release|x64 = Release|x64
		Release|x86 = Release|x86
	EndGlobalSection
	GlobalSection(ProjectConfigurationPlatforms) = postSolution
		{C3CBE03B-7514-4467-A825-3D2F8EF973BD}.Debug|x64.ActiveCfg = Debug|x64
		{C3CBE03B-7514-4467-A825-3D2F8EF973BD}.Debug|x64.Build.0 = Debug|x64
		{C3CBE03B-7514-4467-A825-3D2F8EF973BD}.Debug|x86.ActiveCfg = Debug|Win32
		{C3CBE03B-7514-4467-A825-3D2F8EF973BD}.Debug|x86.Build.0 = Debug|Win32
		{C3CBE03B-7514-4467-A825-3D2F8EF973BD}.Release|x64.ActiveCfg = Release|x64
		{C3CBE03B-7514-4467-A825-3D2F8EF973BD}.Release|x64.Build.0 = Release|x64
		{C3CBE03B-7514-4467-A825-3D2F8EF973BD}.Release|x86.ActiveCfg = Release|Win32
		{C3CBE03B-7514-4467-A825-3D2F8EF973BD}.Release|x86.Build.0 = Release|Win32
	EndGlobalSection
	GlobalSection(SolutionProperties) = preSolution
		HideSolutionNode = FALSE
	EndGlobalSection
	GlobalSection(ExtensibilityGlobals) = postSolution
		SolutionGuid = {76C04594-5986-43C5-8031-793953A6FD0E}
	EndGlobalSection
EndGlobal
