
Microsoft Visual Studio Solution File, Format Version 12.00
# Visual Studio Version 16
VisualStudioVersion = 16.0.29613.14
MinimumVisualStudioVersion = 10.0.40219.1
Project("{8BC9CEB8-8B4A-11D0-8D11-00A0C91BC942}") = "ЛабараторнаяСИ2,2", "ЛабараторнаяСИ2,2.vcxproj", "{98909FA9-0455-49EA-83FE-46F089A878DA}"
EndProject
Global
	GlobalSection(SolutionConfigurationPlatforms) = preSolution
		Debug|x64 = Debug|x64
		Debug|x86 = Debug|x86
		Release|x64 = Release|x64
		Release|x86 = Release|x86
	EndGlobalSection
	GlobalSection(ProjectConfigurationPlatforms) = postSolution
		{98909FA9-0455-49EA-83FE-46F089A878DA}.Debug|x64.ActiveCfg = Debug|x64
		{98909FA9-0455-49EA-83FE-46F089A878DA}.Debug|x64.Build.0 = Debug|x64
		{98909FA9-0455-49EA-83FE-46F089A878DA}.Debug|x86.ActiveCfg = Debug|Win32
		{98909FA9-0455-49EA-83FE-46F089A878DA}.Debug|x86.Build.0 = Debug|Win32
		{98909FA9-0455-49EA-83FE-46F089A878DA}.Release|x64.ActiveCfg = Release|x64
		{98909FA9-0455-49EA-83FE-46F089A878DA}.Release|x64.Build.0 = Release|x64
		{98909FA9-0455-49EA-83FE-46F089A878DA}.Release|x86.ActiveCfg = Release|Win32
		{98909FA9-0455-49EA-83FE-46F089A878DA}.Release|x86.Build.0 = Release|Win32
	EndGlobalSection
	GlobalSection(SolutionProperties) = preSolution
		HideSolutionNode = FALSE
	EndGlobalSection
	GlobalSection(ExtensibilityGlobals) = postSolution
		SolutionGuid = {01BFF8BF-A2E0-4414-8BB4-891189ADEA88}
	EndGlobalSection
EndGlobal
